// !$*UTF8*$!
{
	archiveVersion = 1;
	classes = {
	};
	objectVersion = 55;
	objects = {

/* Begin PBXBuildFile section */
		5303DCCA2729E6A500470B9B /* AppDelegate.swift in Sources */ = {isa = PBXBuildFile; fileRef = 5303DCC92729E6A500470B9B /* AppDelegate.swift */; };
		5303DCCC2729E6A500470B9B /* SceneDelegate.swift in Sources */ = {isa = PBXBuildFile; fileRef = 5303DCCB2729E6A500470B9B /* SceneDelegate.swift */; };
		5303DCCE2729E6A500470B9B /* LoginViewController.swift in Sources */ = {isa = PBXBuildFile; fileRef = 5303DCCD2729E6A500470B9B /* LoginViewController.swift */; };
		5303DCD12729E6A500470B9B /* Main.storyboard in Resources */ = {isa = PBXBuildFile; fileRef = 5303DCCF2729E6A500470B9B /* Main.storyboard */; };
		5303DCD32729E6A800470B9B /* Assets.xcassets in Resources */ = {isa = PBXBuildFile; fileRef = 5303DCD22729E6A800470B9B /* Assets.xcassets */; };
		5303DCD62729E6A800470B9B /* LaunchScreen.storyboard in Resources */ = {isa = PBXBuildFile; fileRef = 5303DCD42729E6A800470B9B /* LaunchScreen.storyboard */; };
		5303DCE12729E6A800470B9B /* SnacktacularTests.swift in Sources */ = {isa = PBXBuildFile; fileRef = 5303DCE02729E6A800470B9B /* SnacktacularTests.swift */; };
		5303DCEB2729E6A800470B9B /* SnacktacularUITests.swift in Sources */ = {isa = PBXBuildFile; fileRef = 5303DCEA2729E6A800470B9B /* SnacktacularUITests.swift */; };
		5303DCED2729E6A800470B9B /* SnacktacularUITestsLaunchTests.swift in Sources */ = {isa = PBXBuildFile; fileRef = 5303DCEC2729E6A800470B9B /* SnacktacularUITestsLaunchTests.swift */; };
		5303DCFA2729ECB200470B9B /* GoogleService-Info.plist in Resources */ = {isa = PBXBuildFile; fileRef = 5303DCF92729ECB200470B9B /* GoogleService-Info.plist */; };
		53BECF14272B25B100E291FD /* SpotListViewController.swift in Sources */ = {isa = PBXBuildFile; fileRef = 53BECF13272B25B100E291FD /* SpotListViewController.swift */; };
		53BECF16272B2D7900E291FD /* SpotTableViewCell.swift in Sources */ = {isa = PBXBuildFile; fileRef = 53BECF15272B2D7900E291FD /* SpotTableViewCell.swift */; };
		53BECF18272B30A000E291FD /* SpotDetailViewController.swift in Sources */ = {isa = PBXBuildFile; fileRef = 53BECF17272B30A000E291FD /* SpotDetailViewController.swift */; };
		53BECF1A272D8ADA00E291FD /* Spot.swift in Sources */ = {isa = PBXBuildFile; fileRef = 53BECF19272D8ADA00E291FD /* Spot.swift */; };
		53BECF1C272DA67C00E291FD /* Spots.swift in Sources */ = {isa = PBXBuildFile; fileRef = 53BECF1B272DA67C00E291FD /* Spots.swift */; };
		53BECF22272EFE7000E291FD /* UIViewController+alert.swift in Sources */ = {isa = PBXBuildFile; fileRef = 53BECF21272EFE7000E291FD /* UIViewController+alert.swift */; };
		53BECF24272EFE9300E291FD /* APIKeys.swift in Sources */ = {isa = PBXBuildFile; fileRef = 53BECF23272EFE9300E291FD /* APIKeys.swift */; };
		AD68ACAD957734C82CF9177C /* Pods_Snacktacular.framework in Frameworks */ = {isa = PBXBuildFile; fileRef = 42B193056DA7E52B024BF0F4 /* Pods_Snacktacular.framework */; };
/* End PBXBuildFile section */

/* Begin PBXContainerItemProxy section */
		5303DCDD2729E6A800470B9B /* PBXContainerItemProxy */ = {
			isa = PBXContainerItemProxy;
			containerPortal = 5303DCBE2729E6A500470B9B /* Project object */;
			proxyType = 1;
			remoteGlobalIDString = 5303DCC52729E6A500470B9B;
			remoteInfo = Snacktacular;
		};
		5303DCE72729E6A800470B9B /* PBXContainerItemProxy */ = {
			isa = PBXContainerItemProxy;
			containerPortal = 5303DCBE2729E6A500470B9B /* Project object */;
			proxyType = 1;
			remoteGlobalIDString = 5303DCC52729E6A500470B9B;
			remoteInfo = Snacktacular;
		};
/* End PBXContainerItemProxy section */

/* Begin PBXFileReference section */
		3877D3D4A80C6771ECD8F5B5 /* Pods-Snacktacular.release.xcconfig */ = {isa = PBXFileReference; includeInIndex = 1; lastKnownFileType = text.xcconfig; name = "Pods-Snacktacular.release.xcconfig"; path = "Target Support Files/Pods-Snacktacular/Pods-Snacktacular.release.xcconfig"; sourceTree = "<group>"; };
		42B193056DA7E52B024BF0F4 /* Pods_Snacktacular.framework */ = {isa = PBXFileReference; explicitFileType = wrapper.framework; includeInIndex = 0; path = Pods_Snacktacular.framework; sourceTree = BUILT_PRODUCTS_DIR; };
		5303DCC62729E6A500470B9B /* Snacktacular.app */ = {isa = PBXFileReference; explicitFileType = wrapper.application; includeInIndex = 0; path = Snacktacular.app; sourceTree = BUILT_PRODUCTS_DIR; };
		5303DCC92729E6A500470B9B /* AppDelegate.swift */ = {isa = PBXFileReference; lastKnownFileType = sourcecode.swift; path = AppDelegate.swift; sourceTree = "<group>"; };
		5303DCCB2729E6A500470B9B /* SceneDelegate.swift */ = {isa = PBXFileReference; lastKnownFileType = sourcecode.swift; path = SceneDelegate.swift; sourceTree = "<group>"; };
		5303DCCD2729E6A500470B9B /* LoginViewController.swift */ = {isa = PBXFileReference; lastKnownFileType = sourcecode.swift; path = LoginViewController.swift; sourceTree = "<group>"; };
		5303DCD02729E6A500470B9B /* Base */ = {isa = PBXFileReference; lastKnownFileType = file.storyboard; name = Base; path = Base.lproj/Main.storyboard; sourceTree = "<group>"; };
		5303DCD22729E6A800470B9B /* Assets.xcassets */ = {isa = PBXFileReference; lastKnownFileType = folder.assetcatalog; path = Assets.xcassets; sourceTree = "<group>"; };
		5303DCD52729E6A800470B9B /* Base */ = {isa = PBXFileReference; lastKnownFileType = file.storyboard; name = Base; path = Base.lproj/LaunchScreen.storyboard; sourceTree = "<group>"; };
		5303DCD72729E6A800470B9B /* Info.plist */ = {isa = PBXFileReference; lastKnownFileType = text.plist.xml; path = Info.plist; sourceTree = "<group>"; };
		5303DCDC2729E6A800470B9B /* SnacktacularTests.xctest */ = {isa = PBXFileReference; explicitFileType = wrapper.cfbundle; includeInIndex = 0; path = SnacktacularTests.xctest; sourceTree = BUILT_PRODUCTS_DIR; };
		5303DCE02729E6A800470B9B /* SnacktacularTests.swift */ = {isa = PBXFileReference; lastKnownFileType = sourcecode.swift; path = SnacktacularTests.swift; sourceTree = "<group>"; };
		5303DCE62729E6A800470B9B /* SnacktacularUITests.xctest */ = {isa = PBXFileReference; explicitFileType = wrapper.cfbundle; includeInIndex = 0; path = SnacktacularUITests.xctest; sourceTree = BUILT_PRODUCTS_DIR; };
		5303DCEA2729E6A800470B9B /* SnacktacularUITests.swift */ = {isa = PBXFileReference; lastKnownFileType = sourcecode.swift; path = SnacktacularUITests.swift; sourceTree = "<group>"; };
		5303DCEC2729E6A800470B9B /* SnacktacularUITestsLaunchTests.swift */ = {isa = PBXFileReference; lastKnownFileType = sourcecode.swift; path = SnacktacularUITestsLaunchTests.swift; sourceTree = "<group>"; };
		5303DCF92729ECB200470B9B /* GoogleService-Info.plist */ = {isa = PBXFileReference; lastKnownFileType = text.plist; path = "GoogleService-Info.plist"; sourceTree = SOURCE_ROOT; };
		53BECF13272B25B100E291FD /* SpotListViewController.swift */ = {isa = PBXFileReference; lastKnownFileType = sourcecode.swift; path = SpotListViewController.swift; sourceTree = "<group>"; };
		53BECF15272B2D7900E291FD /* SpotTableViewCell.swift */ = {isa = PBXFileReference; lastKnownFileType = sourcecode.swift; path = SpotTableViewCell.swift; sourceTree = "<group>"; };
		53BECF17272B30A000E291FD /* SpotDetailViewController.swift */ = {isa = PBXFileReference; lastKnownFileType = sourcecode.swift; path = SpotDetailViewController.swift; sourceTree = "<group>"; };
		53BECF19272D8ADA00E291FD /* Spot.swift */ = {isa = PBXFileReference; lastKnownFileType = sourcecode.swift; path = Spot.swift; sourceTree = "<group>"; };
		53BECF1B272DA67C00E291FD /* Spots.swift */ = {isa = PBXFileReference; lastKnownFileType = sourcecode.swift; path = Spots.swift; sourceTree = "<group>"; };
		53BECF21272EFE7000E291FD /* UIViewController+alert.swift */ = {isa = PBXFileReference; lastKnownFileType = sourcecode.swift; path = "UIViewController+alert.swift"; sourceTree = "<group>"; };
		53BECF23272EFE9300E291FD /* APIKeys.swift */ = {isa = PBXFileReference; lastKnownFileType = sourcecode.swift; path = APIKeys.swift; sourceTree = "<group>"; };
		5818E0F8D1414441342CB3FB /* Pods-Snacktacular.debug.xcconfig */ = {isa = PBXFileReference; includeInIndex = 1; lastKnownFileType = text.xcconfig; name = "Pods-Snacktacular.debug.xcconfig"; path = "Target Support Files/Pods-Snacktacular/Pods-Snacktacular.debug.xcconfig"; sourceTree = "<group>"; };
/* End PBXFileReference section */

/* Begin PBXFrameworksBuildPhase section */
		5303DCC32729E6A500470B9B /* Frameworks */ = {
			isa = PBXFrameworksBuildPhase;
			buildActionMask = 2147483647;
			files = (
				AD68ACAD957734C82CF9177C /* Pods_Snacktacular.framework in Frameworks */,
			);
			runOnlyForDeploymentPostprocessing = 0;
		};
		5303DCD92729E6A800470B9B /* Frameworks */ = {
			isa = PBXFrameworksBuildPhase;
			buildActionMask = 2147483647;
			files = (
			);
			runOnlyForDeploymentPostprocessing = 0;
		};
		5303DCE32729E6A800470B9B /* Frameworks */ = {
			isa = PBXFrameworksBuildPhase;
			buildActionMask = 2147483647;
			files = (
			);
			runOnlyForDeploymentPostprocessing = 0;
		};
/* End PBXFrameworksBuildPhase section */

/* Begin PBXGroup section */
		0C30B5F5C4F7C015ACE19BB7 /* Pods */ = {
			isa = PBXGroup;
			children = (
				5818E0F8D1414441342CB3FB /* Pods-Snacktacular.debug.xcconfig */,
				3877D3D4A80C6771ECD8F5B5 /* Pods-Snacktacular.release.xcconfig */,
			);
			path = Pods;
			sourceTree = "<group>";
		};
		5303DCBD2729E6A500470B9B = {
			isa = PBXGroup;
			children = (
				5303DCC82729E6A500470B9B /* Snacktacular */,
				5303DCDF2729E6A800470B9B /* SnacktacularTests */,
				5303DCE92729E6A800470B9B /* SnacktacularUITests */,
				5303DCC72729E6A500470B9B /* Products */,
				0C30B5F5C4F7C015ACE19BB7 /* Pods */,
				9428A93A9D333029F7A2C8B4 /* Frameworks */,
			);
			sourceTree = "<group>";
		};
		5303DCC72729E6A500470B9B /* Products */ = {
			isa = PBXGroup;
			children = (
				5303DCC62729E6A500470B9B /* Snacktacular.app */,
				5303DCDC2729E6A800470B9B /* SnacktacularTests.xctest */,
				5303DCE62729E6A800470B9B /* SnacktacularUITests.xctest */,
			);
			name = Products;
			sourceTree = "<group>";
		};
		5303DCC82729E6A500470B9B /* Snacktacular */ = {
			isa = PBXGroup;
			children = (
				5303DCC92729E6A500470B9B /* AppDelegate.swift */,
				5303DCCB2729E6A500470B9B /* SceneDelegate.swift */,
				53BECF19272D8ADA00E291FD /* Spot.swift */,
				53BECF1B272DA67C00E291FD /* Spots.swift */,
				5303DCCD2729E6A500470B9B /* LoginViewController.swift */,
				53BECF21272EFE7000E291FD /* UIViewController+alert.swift */,
				53BECF23272EFE9300E291FD /* APIKeys.swift */,
				5303DCCF2729E6A500470B9B /* Main.storyboard */,
				53BECF13272B25B100E291FD /* SpotListViewController.swift */,
				53BECF15272B2D7900E291FD /* SpotTableViewCell.swift */,
				53BECF17272B30A000E291FD /* SpotDetailViewController.swift */,
				5303DCD22729E6A800470B9B /* Assets.xcassets */,
				5303DCD42729E6A800470B9B /* LaunchScreen.storyboard */,
				5303DCD72729E6A800470B9B /* Info.plist */,
				5303DCF92729ECB200470B9B /* GoogleService-Info.plist */,
			);
			path = Snacktacular;
			sourceTree = "<group>";
		};
		5303DCDF2729E6A800470B9B /* SnacktacularTests */ = {
			isa = PBXGroup;
			children = (
				5303DCE02729E6A800470B9B /* SnacktacularTests.swift */,
			);
			path = SnacktacularTests;
			sourceTree = "<group>";
		};
		5303DCE92729E6A800470B9B /* SnacktacularUITests */ = {
			isa = PBXGroup;
			children = (
				5303DCEA2729E6A800470B9B /* SnacktacularUITests.swift */,
				5303DCEC2729E6A800470B9B /* SnacktacularUITestsLaunchTests.swift */,
			);
			path = SnacktacularUITests;
			sourceTree = "<group>";
		};
		9428A93A9D333029F7A2C8B4 /* Frameworks */ = {
			isa = PBXGroup;
			children = (
				42B193056DA7E52B024BF0F4 /* Pods_Snacktacular.framework */,
			);
			name = Frameworks;
			sourceTree = "<group>";
		};
/* End PBXGroup section */

/* Begin PBXNativeTarget section */
		5303DCC52729E6A500470B9B /* Snacktacular */ = {
			isa = PBXNativeTarget;
			buildConfigurationList = 5303DCF02729E6A800470B9B /* Build configuration list for PBXNativeTarget "Snacktacular" */;
			buildPhases = (
				DB965BA09035E6E901B760BB /* [CP] Check Pods Manifest.lock */,
				5303DCC22729E6A500470B9B /* Sources */,
				5303DCC32729E6A500470B9B /* Frameworks */,
				5303DCC42729E6A500470B9B /* Resources */,
				3AB0A39D1D099A062D3AECEE /* [CP] Embed Pods Frameworks */,
				FB7EA56C97B22807FF55AFDE /* [CP] Copy Pods Resources */,
			);
			buildRules = (
			);
			dependencies = (
			);
			name = Snacktacular;
			productName = Snacktacular;
			productReference = 5303DCC62729E6A500470B9B /* Snacktacular.app */;
			productType = "com.apple.product-type.application";
		};
		5303DCDB2729E6A800470B9B /* SnacktacularTests */ = {
			isa = PBXNativeTarget;
			buildConfigurationList = 5303DCF32729E6A800470B9B /* Build configuration list for PBXNativeTarget "SnacktacularTests" */;
			buildPhases = (
				5303DCD82729E6A800470B9B /* Sources */,
				5303DCD92729E6A800470B9B /* Frameworks */,
				5303DCDA2729E6A800470B9B /* Resources */,
			);
			buildRules = (
			);
			dependencies = (
				5303DCDE2729E6A800470B9B /* PBXTargetDependency */,
			);
			name = SnacktacularTests;
			productName = SnacktacularTests;
			productReference = 5303DCDC2729E6A800470B9B /* SnacktacularTests.xctest */;
			productType = "com.apple.product-type.bundle.unit-test";
		};
		5303DCE52729E6A800470B9B /* SnacktacularUITests */ = {
			isa = PBXNativeTarget;
			buildConfigurationList = 5303DCF62729E6A800470B9B /* Build configuration list for PBXNativeTarget "SnacktacularUITests" */;
			buildPhases = (
				5303DCE22729E6A800470B9B /* Sources */,
				5303DCE32729E6A800470B9B /* Frameworks */,
				5303DCE42729E6A800470B9B /* Resources */,
			);
			buildRules = (
			);
			dependencies = (
				5303DCE82729E6A800470B9B /* PBXTargetDependency */,
			);
			name = SnacktacularUITests;
			productName = SnacktacularUITests;
			productReference = 5303DCE62729E6A800470B9B /* SnacktacularUITests.xctest */;
			productType = "com.apple.product-type.bundle.ui-testing";
		};
/* End PBXNativeTarget section */

/* Begin PBXProject section */
		5303DCBE2729E6A500470B9B /* Project object */ = {
			isa = PBXProject;
			attributes = {
				BuildIndependentTargetsInParallel = 1;
				KnownAssetTags = (
					New,
				);
				LastSwiftUpdateCheck = 1300;
				LastUpgradeCheck = 1300;
				TargetAttributes = {
					5303DCC52729E6A500470B9B = {
						CreatedOnToolsVersion = 13.0;
					};
					5303DCDB2729E6A800470B9B = {
						CreatedOnToolsVersion = 13.0;
						TestTargetID = 5303DCC52729E6A500470B9B;
					};
					5303DCE52729E6A800470B9B = {
						CreatedOnToolsVersion = 13.0;
						TestTargetID = 5303DCC52729E6A500470B9B;
					};
				};
			};
			buildConfigurationList = 5303DCC12729E6A500470B9B /* Build configuration list for PBXProject "Snacktacular" */;
			compatibilityVersion = "Xcode 13.0";
			developmentRegion = en;
			hasScannedForEncodings = 0;
			knownRegions = (
				en,
				Base,
			);
			mainGroup = 5303DCBD2729E6A500470B9B;
			productRefGroup = 5303DCC72729E6A500470B9B /* Products */;
			projectDirPath = "";
			projectRoot = "";
			targets = (
				5303DCC52729E6A500470B9B /* Snacktacular */,
				5303DCDB2729E6A800470B9B /* SnacktacularTests */,
				5303DCE52729E6A800470B9B /* SnacktacularUITests */,
			);
		};
/* End PBXProject section */

/* Begin PBXResourcesBuildPhase section */
		5303DCC42729E6A500470B9B /* Resources */ = {
			isa = PBXResourcesBuildPhase;
			buildActionMask = 2147483647;
			files = (
				5303DCD62729E6A800470B9B /* LaunchScreen.storyboard in Resources */,
				5303DCFA2729ECB200470B9B /* GoogleService-Info.plist in Resources */,
				5303DCD32729E6A800470B9B /* Assets.xcassets in Resources */,
				5303DCD12729E6A500470B9B /* Main.storyboard in Resources */,
			);
			runOnlyForDeploymentPostprocessing = 0;
		};
		5303DCDA2729E6A800470B9B /* Resources */ = {
			isa = PBXResourcesBuildPhase;
			buildActionMask = 2147483647;
			files = (
			);
			runOnlyForDeploymentPostprocessing = 0;
		};
		5303DCE42729E6A800470B9B /* Resources */ = {
			isa = PBXResourcesBuildPhase;
			buildActionMask = 2147483647;
			files = (
			);
			runOnlyForDeploymentPostprocessing = 0;
		};
/* End PBXResourcesBuildPhase section */

/* Begin PBXShellScriptBuildPhase section */
		3AB0A39D1D099A062D3AECEE /* [CP] Embed Pods Frameworks */ = {
			isa = PBXShellScriptBuildPhase;
			buildActionMask = 2147483647;
			files = (
			);
			inputFileListPaths = (
				"${PODS_ROOT}/Target Support Files/Pods-Snacktacular/Pods-Snacktacular-frameworks-${CONFIGURATION}-input-files.xcfilelist",
			);
			name = "[CP] Embed Pods Frameworks";
			outputFileListPaths = (
				"${PODS_ROOT}/Target Support Files/Pods-Snacktacular/Pods-Snacktacular-frameworks-${CONFIGURATION}-output-files.xcfilelist",
			);
			runOnlyForDeploymentPostprocessing = 0;
			shellPath = /bin/sh;
			shellScript = "\"${PODS_ROOT}/Target Support Files/Pods-Snacktacular/Pods-Snacktacular-frameworks.sh\"\n";
			showEnvVarsInLog = 0;
		};
		DB965BA09035E6E901B760BB /* [CP] Check Pods Manifest.lock */ = {
			isa = PBXShellScriptBuildPhase;
			buildActionMask = 2147483647;
			files = (
			);
			inputFileListPaths = (
			);
			inputPaths = (
				"${PODS_PODFILE_DIR_PATH}/Podfile.lock",
				"${PODS_ROOT}/Manifest.lock",
			);
			name = "[CP] Check Pods Manifest.lock";
			outputFileListPaths = (
			);
			outputPaths = (
				"$(DERIVED_FILE_DIR)/Pods-Snacktacular-checkManifestLockResult.txt",
			);
			runOnlyForDeploymentPostprocessing = 0;
			shellPath = /bin/sh;
			shellScript = "diff \"${PODS_PODFILE_DIR_PATH}/Podfile.lock\" \"${PODS_ROOT}/Manifest.lock\" > /dev/null\nif [ $? != 0 ] ; then\n    # print error to STDERR\n    echo \"error: The sandbox is not in sync with the Podfile.lock. Run 'pod install' or update your CocoaPods installation.\" >&2\n    exit 1\nfi\n# This output is used by Xcode 'outputs' to avoid re-running this script phase.\necho \"SUCCESS\" > \"${SCRIPT_OUTPUT_FILE_0}\"\n";
			showEnvVarsInLog = 0;
		};
		FB7EA56C97B22807FF55AFDE /* [CP] Copy Pods Resources */ = {
			isa = PBXShellScriptBuildPhase;
			buildActionMask = 2147483647;
			files = (
			);
			inputFileListPaths = (
				"${PODS_ROOT}/Target Support Files/Pods-Snacktacular/Pods-Snacktacular-resources-${CONFIGURATION}-input-files.xcfilelist",
			);
			name = "[CP] Copy Pods Resources";
			outputFileListPaths = (
				"${PODS_ROOT}/Target Support Files/Pods-Snacktacular/Pods-Snacktacular-resources-${CONFIGURATION}-output-files.xcfilelist",
			);
			runOnlyForDeploymentPostprocessing = 0;
			shellPath = /bin/sh;
			shellScript = "\"${PODS_ROOT}/Target Support Files/Pods-Snacktacular/Pods-Snacktacular-resources.sh\"\n";
			showEnvVarsInLog = 0;
		};
/* End PBXShellScriptBuildPhase section */

/* Begin PBXSourcesBuildPhase section */
		5303DCC22729E6A500470B9B /* Sources */ = {
			isa = PBXSourcesBuildPhase;
			buildActionMask = 2147483647;
			files = (
				53BECF14272B25B100E291FD /* SpotListViewController.swift in Sources */,
				5303DCCE2729E6A500470B9B /* LoginViewController.swift in Sources */,
				5303DCCA2729E6A500470B9B /* AppDelegate.swift in Sources */,
				53BECF22272EFE7000E291FD /* UIViewController+alert.swift in Sources */,
				53BECF18272B30A000E291FD /* SpotDetailViewController.swift in Sources */,
				53BECF16272B2D7900E291FD /* SpotTableViewCell.swift in Sources */,
				53BECF24272EFE9300E291FD /* APIKeys.swift in Sources */,
				53BECF1A272D8ADA00E291FD /* Spot.swift in Sources */,
				5303DCCC2729E6A500470B9B /* SceneDelegate.swift in Sources */,
				53BECF1C272DA67C00E291FD /* Spots.swift in Sources */,
			);
			runOnlyForDeploymentPostprocessing = 0;
		};
		5303DCD82729E6A800470B9B /* Sources */ = {
			isa = PBXSourcesBuildPhase;
			buildActionMask = 2147483647;
			files = (
				5303DCE12729E6A800470B9B /* SnacktacularTests.swift in Sources */,
			);
			runOnlyForDeploymentPostprocessing = 0;
		};
		5303DCE22729E6A800470B9B /* Sources */ = {
			isa = PBXSourcesBuildPhase;
			buildActionMask = 2147483647;
			files = (
				5303DCED2729E6A800470B9B /* SnacktacularUITestsLaunchTests.swift in Sources */,
				5303DCEB2729E6A800470B9B /* SnacktacularUITests.swift in Sources */,
			);
			runOnlyForDeploymentPostprocessing = 0;
		};
/* End PBXSourcesBuildPhase section */

/* Begin PBXTargetDependency section */
		5303DCDE2729E6A800470B9B /* PBXTargetDependency */ = {
			isa = PBXTargetDependency;
			target = 5303DCC52729E6A500470B9B /* Snacktacular */;
			targetProxy = 5303DCDD2729E6A800470B9B /* PBXContainerItemProxy */;
		};
		5303DCE82729E6A800470B9B /* PBXTargetDependency */ = {
			isa = PBXTargetDependency;
			target = 5303DCC52729E6A500470B9B /* Snacktacular */;
			targetProxy = 5303DCE72729E6A800470B9B /* PBXContainerItemProxy */;
		};
/* End PBXTargetDependency section */

/* Begin PBXVariantGroup section */
		5303DCCF2729E6A500470B9B /* Main.storyboard */ = {
			isa = PBXVariantGroup;
			children = (
				5303DCD02729E6A500470B9B /* Base */,
			);
			name = Main.storyboard;
			sourceTree = "<group>";
		};
		5303DCD42729E6A800470B9B /* LaunchScreen.storyboard */ = {
			isa = PBXVariantGroup;
			children = (
				5303DCD52729E6A800470B9B /* Base */,
			);
			name = LaunchScreen.storyboard;
			sourceTree = "<group>";
		};
/* End PBXVariantGroup section */

/* Begin XCBuildConfiguration section */
		5303DCEE2729E6A800470B9B /* Debug */ = {
			isa = XCBuildConfiguration;
			buildSettings = {
				ALWAYS_SEARCH_USER_PATHS = NO;
				CLANG_ANALYZER_NONNULL = YES;
				CLANG_ANALYZER_NUMBER_OBJECT_CONVERSION = YES_AGGRESSIVE;
				CLANG_CXX_LANGUAGE_STANDARD = "gnu++17";
				CLANG_CXX_LIBRARY = "libc++";
				CLANG_ENABLE_MODULES = YES;
				CLANG_ENABLE_OBJC_ARC = YES;
				CLANG_ENABLE_OBJC_WEAK = YES;
				CLANG_WARN_BLOCK_CAPTURE_AUTORELEASING = YES;
				CLANG_WARN_BOOL_CONVERSION = YES;
				CLANG_WARN_COMMA = YES;
				CLANG_WARN_CONSTANT_CONVERSION = YES;
				CLANG_WARN_DEPRECATED_OBJC_IMPLEMENTATIONS = YES;
				CLANG_WARN_DIRECT_OBJC_ISA_USAGE = YES_ERROR;
				CLANG_WARN_DOCUMENTATION_COMMENTS = YES;
				CLANG_WARN_EMPTY_BODY = YES;
				CLANG_WARN_ENUM_CONVERSION = YES;
				CLANG_WARN_INFINITE_RECURSION = YES;
				CLANG_WARN_INT_CONVERSION = YES;
				CLANG_WARN_NON_LITERAL_NULL_CONVERSION = YES;
				CLANG_WARN_OBJC_IMPLICIT_RETAIN_SELF = YES;
				CLANG_WARN_OBJC_LITERAL_CONVERSION = YES;
				CLANG_WARN_OBJC_ROOT_CLASS = YES_ERROR;
				CLANG_WARN_QUOTED_INCLUDE_IN_FRAMEWORK_HEADER = YES;
				CLANG_WARN_RANGE_LOOP_ANALYSIS = YES;
				CLANG_WARN_STRICT_PROTOTYPES = YES;
				CLANG_WARN_SUSPICIOUS_MOVE = YES;
				CLANG_WARN_UNGUARDED_AVAILABILITY = YES_AGGRESSIVE;
				CLANG_WARN_UNREACHABLE_CODE = YES;
				CLANG_WARN__DUPLICATE_METHOD_MATCH = YES;
				COPY_PHASE_STRIP = NO;
				DEBUG_INFORMATION_FORMAT = dwarf;
				ENABLE_STRICT_OBJC_MSGSEND = YES;
				ENABLE_TESTABILITY = YES;
				GCC_C_LANGUAGE_STANDARD = gnu11;
				GCC_DYNAMIC_NO_PIC = NO;
				GCC_NO_COMMON_BLOCKS = YES;
				GCC_OPTIMIZATION_LEVEL = 0;
				GCC_PREPROCESSOR_DEFINITIONS = (
					"DEBUG=1",
					"$(inherited)",
				);
				GCC_WARN_64_TO_32_BIT_CONVERSION = YES;
				GCC_WARN_ABOUT_RETURN_TYPE = YES_ERROR;
				GCC_WARN_UNDECLARED_SELECTOR = YES;
				GCC_WARN_UNINITIALIZED_AUTOS = YES_AGGRESSIVE;
				GCC_WARN_UNUSED_FUNCTION = YES;
				GCC_WARN_UNUSED_VARIABLE = YES;
				IPHONEOS_DEPLOYMENT_TARGET = 15.0;
				MTL_ENABLE_DEBUG_INFO = INCLUDE_SOURCE;
				MTL_FAST_MATH = YES;
				ONLY_ACTIVE_ARCH = YES;
				SDKROOT = iphoneos;
				SWIFT_ACTIVE_COMPILATION_CONDITIONS = DEBUG;
				SWIFT_OPTIMIZATION_LEVEL = "-Onone";
			};
			name = Debug;
		};
		5303DCEF2729E6A800470B9B /* Release */ = {
			isa = XCBuildConfiguration;
			buildSettings = {
				ALWAYS_SEARCH_USER_PATHS = NO;
				CLANG_ANALYZER_NONNULL = YES;
				CLANG_ANALYZER_NUMBER_OBJECT_CONVERSION = YES_AGGRESSIVE;
				CLANG_CXX_LANGUAGE_STANDARD = "gnu++17";
				CLANG_CXX_LIBRARY = "libc++";
				CLANG_ENABLE_MODULES = YES;
				CLANG_ENABLE_OBJC_ARC = YES;
				CLANG_ENABLE_OBJC_WEAK = YES;
				CLANG_WARN_BLOCK_CAPTURE_AUTORELEASING = YES;
				CLANG_WARN_BOOL_CONVERSION = YES;
				CLANG_WARN_COMMA = YES;
				CLANG_WARN_CONSTANT_CONVERSION = YES;
				CLANG_WARN_DEPRECATED_OBJC_IMPLEMENTATIONS = YES;
				CLANG_WARN_DIRECT_OBJC_ISA_USAGE = YES_ERROR;
				CLANG_WARN_DOCUMENTATION_COMMENTS = YES;
				CLANG_WARN_EMPTY_BODY = YES;
				CLANG_WARN_ENUM_CONVERSION = YES;
				CLANG_WARN_INFINITE_RECURSION = YES;
				CLANG_WARN_INT_CONVERSION = YES;
				CLANG_WARN_NON_LITERAL_NULL_CONVERSION = YES;
				CLANG_WARN_OBJC_IMPLICIT_RETAIN_SELF = YES;
				CLANG_WARN_OBJC_LITERAL_CONVERSION = YES;
				CLANG_WARN_OBJC_ROOT_CLASS = YES_ERROR;
				CLANG_WARN_QUOTED_INCLUDE_IN_FRAMEWORK_HEADER = YES;
				CLANG_WARN_RANGE_LOOP_ANALYSIS = YES;
				CLANG_WARN_STRICT_PROTOTYPES = YES;
				CLANG_WARN_SUSPICIOUS_MOVE = YES;
				CLANG_WARN_UNGUARDED_AVAILABILITY = YES_AGGRESSIVE;
				CLANG_WARN_UNREACHABLE_CODE = YES;
				CLANG_WARN__DUPLICATE_METHOD_MATCH = YES;
				COPY_PHASE_STRIP = NO;
				DEBUG_INFORMATION_FORMAT = "dwarf-with-dsym";
				ENABLE_NS_ASSERTIONS = NO;
				ENABLE_STRICT_OBJC_MSGSEND = YES;
				GCC_C_LANGUAGE_STANDARD = gnu11;
				GCC_NO_COMMON_BLOCKS = YES;
				GCC_WARN_64_TO_32_BIT_CONVERSION = YES;
				GCC_WARN_ABOUT_RETURN_TYPE = YES_ERROR;
				GCC_WARN_UNDECLARED_SELECTOR = YES;
				GCC_WARN_UNINITIALIZED_AUTOS = YES_AGGRESSIVE;
				GCC_WARN_UNUSED_FUNCTION = YES;
				GCC_WARN_UNUSED_VARIABLE = YES;
				IPHONEOS_DEPLOYMENT_TARGET = 15.0;
				MTL_ENABLE_DEBUG_INFO = NO;
				MTL_FAST_MATH = YES;
				SDKROOT = iphoneos;
				SWIFT_COMPILATION_MODE = wholemodule;
				SWIFT_OPTIMIZATION_LEVEL = "-O";
				VALIDATE_PRODUCT = YES;
			};
			name = Release;
		};
		5303DCF12729E6A800470B9B /* Debug */ = {
			isa = XCBuildConfiguration;
			baseConfigurationReference = 5818E0F8D1414441342CB3FB /* Pods-Snacktacular.debug.xcconfig */;
			buildSettings = {
				ASSETCATALOG_COMPILER_APPICON_NAME = AppIcon;
				ASSETCATALOG_COMPILER_GLOBAL_ACCENT_COLOR_NAME = AccentColor;
				CODE_SIGN_STYLE = Automatic;
				CURRENT_PROJECT_VERSION = 1;
				GENERATE_INFOPLIST_FILE = YES;
				INFOPLIST_FILE = Snacktacular/Info.plist;
				INFOPLIST_KEY_UIApplicationSupportsIndirectInputEvents = YES;
				INFOPLIST_KEY_UILaunchStoryboardName = LaunchScreen;
				INFOPLIST_KEY_UIMainStoryboardFile = Main;
				INFOPLIST_KEY_UIStatusBarHidden = NO;
				INFOPLIST_KEY_UISupportedInterfaceOrientations_iPad = "UIInterfaceOrientationPortrait UIInterfaceOrientationPortraitUpsideDown UIInterfaceOrientationLandscapeLeft UIInterfaceOrientationLandscapeRight";
				INFOPLIST_KEY_UISupportedInterfaceOrientations_iPhone = "UIInterfaceOrientationPortrait UIInterfaceOrientationLandscapeLeft UIInterfaceOrientationLandscapeRight";
				LD_RUNPATH_SEARCH_PATHS = (
					"$(inherited)",
					"@executable_path/Frameworks",
				);
				MARKETING_VERSION = 1.0;
				PRODUCT_BUNDLE_IDENTIFIER = MarissaSpletter.Snacktacular;
				PRODUCT_NAME = "$(TARGET_NAME)";
				SWIFT_EMIT_LOC_STRINGS = YES;
				SWIFT_VERSION = 5.0;
				TARGETED_DEVICE_FAMILY = "1,2";
			};
			name = Debug;
		};
		5303DCF22729E6A800470B9B /* Release */ = {
			isa = XCBuildConfiguration;
			baseConfigurationReference = 3877D3D4A80C6771ECD8F5B5 /* Pods-Snacktacular.release.xcconfig */;
			buildSettings = {
				ASSETCATALOG_COMPILER_APPICON_NAME = AppIcon;
				ASSETCATALOG_COMPILER_GLOBAL_ACCENT_COLOR_NAME = AccentColor;
				CODE_SIGN_STYLE = Automatic;
				CURRENT_PROJECT_VERSION = 1;
				GENERATE_INFOPLIST_FILE = YES;
				INFOPLIST_FILE = Snacktacular/Info.plist;
				INFOPLIST_KEY_UIApplicationSupportsIndirectInputEvents = YES;
				INFOPLIST_KEY_UILaunchStoryboardName = LaunchScreen;
				INFOPLIST_KEY_UIMainStoryboardFile = Main;
				INFOPLIST_KEY_UIStatusBarHidden = NO;
				INFOPLIST_KEY_UISupportedInterfaceOrientations_iPad = "UIInterfaceOrientationPortrait UIInterfaceOrientationPortraitUpsideDown UIInterfaceOrientationLandscapeLeft UIInterfaceOrientationLandscapeRight";
				INFOPLIST_KEY_UISupportedInterfaceOrientations_iPhone = "UIInterfaceOrientationPortrait UIInterfaceOrientationLandscapeLeft UIInterfaceOrientationLandscapeRight";
				LD_RUNPATH_SEARCH_PATHS = (
					"$(inherited)",
					"@executable_path/Frameworks",
				);
				MARKETING_VERSION = 1.0;
				PRODUCT_BUNDLE_IDENTIFIER = MarissaSpletter.Snacktacular;
				PRODUCT_NAME = "$(TARGET_NAME)";
				SWIFT_EMIT_LOC_STRINGS = YES;
				SWIFT_VERSION = 5.0;
				TARGETED_DEVICE_FAMILY = "1,2";
			};
			name = Release;
		};
		5303DCF42729E6A800470B9B /* Debug */ = {
			isa = XCBuildConfiguration;
			buildSettings = {
				ALWAYS_EMBED_SWIFT_STANDARD_LIBRARIES = YES;
				BUNDLE_LOADER = "$(TEST_HOST)";
				CODE_SIGN_STYLE = Automatic;
				CURRENT_PROJECT_VERSION = 1;
				GENERATE_INFOPLIST_FILE = YES;
				IPHONEOS_DEPLOYMENT_TARGET = 15.0;
				LD_RUNPATH_SEARCH_PATHS = (
					"$(inherited)",
					"@executable_path/Frameworks",
					"@loader_path/Frameworks",
				);
				MARKETING_VERSION = 1.0;
				PRODUCT_BUNDLE_IDENTIFIER = MarissaSpletter.SnacktacularTests;
				PRODUCT_NAME = "$(TARGET_NAME)";
				SWIFT_EMIT_LOC_STRINGS = NO;
				SWIFT_VERSION = 5.0;
				TARGETED_DEVICE_FAMILY = "1,2";
				TEST_HOST = "$(BUILT_PRODUCTS_DIR)/Snacktacular.app/Snacktacular";
			};
			name = Debug;
		};
		5303DCF52729E6A800470B9B /* Release */ = {
			isa = XCBuildConfiguration;
			buildSettings = {
				ALWAYS_EMBED_SWIFT_STANDARD_LIBRARIES = YES;
				BUNDLE_LOADER = "$(TEST_HOST)";
				CODE_SIGN_STYLE = Automatic;
				CURRENT_PROJECT_VERSION = 1;
				GENERATE_INFOPLIST_FILE = YES;
				IPHONEOS_DEPLOYMENT_TARGET = 15.0;
				LD_RUNPATH_SEARCH_PATHS = (
					"$(inherited)",
					"@executable_path/Frameworks",
					"@loader_path/Frameworks",
				);
				MARKETING_VERSION = 1.0;
				PRODUCT_BUNDLE_IDENTIFIER = MarissaSpletter.SnacktacularTests;
				PRODUCT_NAME = "$(TARGET_NAME)";
				SWIFT_EMIT_LOC_STRINGS = NO;
				SWIFT_VERSION = 5.0;
				TARGETED_DEVICE_FAMILY = "1,2";
				TEST_HOST = "$(BUILT_PRODUCTS_DIR)/Snacktacular.app/Snacktacular";
			};
			name = Release;
		};
		5303DCF72729E6A800470B9B /* Debug */ = {
			isa = XCBuildConfiguration;
			buildSettings = {
				ALWAYS_EMBED_SWIFT_STANDARD_LIBRARIES = YES;
				CODE_SIGN_STYLE = Automatic;
				CURRENT_PROJECT_VERSION = 1;
				GENERATE_INFOPLIST_FILE = YES;
				LD_RUNPATH_SEARCH_PATHS = (
					"$(inherited)",
					"@executable_path/Frameworks",
					"@loader_path/Frameworks",
				);
				MARKETING_VERSION = 1.0;
				PRODUCT_BUNDLE_IDENTIFIER = MarissaSpletter.SnacktacularUITests;
				PRODUCT_NAME = "$(TARGET_NAME)";
				SWIFT_EMIT_LOC_STRINGS = NO;
				SWIFT_VERSION = 5.0;
				TARGETED_DEVICE_FAMILY = "1,2";
				TEST_TARGET_NAME = Snacktacular;
			};
			name = Debug;
		};
		5303DCF82729E6A800470B9B /* Release */ = {
			isa = XCBuildConfiguration;
			buildSettings = {
				ALWAYS_EMBED_SWIFT_STANDARD_LIBRARIES = YES;
				CODE_SIGN_STYLE = Automatic;
				CURRENT_PROJECT_VERSION = 1;
				GENERATE_INFOPLIST_FILE = YES;
				LD_RUNPATH_SEARCH_PATHS = (
					"$(inherited)",
					"@executable_path/Frameworks",
					"@loader_path/Frameworks",
				);
				MARKETING_VERSION = 1.0;
				PRODUCT_BUNDLE_IDENTIFIER = MarissaSpletter.SnacktacularUITests;
				PRODUCT_NAME = "$(TARGET_NAME)";
				SWIFT_EMIT_LOC_STRINGS = NO;
				SWIFT_VERSION = 5.0;
				TARGETED_DEVICE_FAMILY = "1,2";
				TEST_TARGET_NAME = Snacktacular;
			};
			name = Release;
		};
/* End XCBuildConfiguration section */

/* Begin XCConfigurationList section */
		5303DCC12729E6A500470B9B /* Build configuration list for PBXProject "Snacktacular" */ = {
			isa = XCConfigurationList;
			buildConfigurations = (
				5303DCEE2729E6A800470B9B /* Debug */,
				5303DCEF2729E6A800470B9B /* Release */,
			);
			defaultConfigurationIsVisible = 0;
			defaultConfigurationName = Release;
		};
		5303DCF02729E6A800470B9B /* Build configuration list for PBXNativeTarget "Snacktacular" */ = {
			isa = XCConfigurationList;
			buildConfigurations = (
				5303DCF12729E6A800470B9B /* Debug */,
				5303DCF22729E6A800470B9B /* Release */,
			);
			defaultConfigurationIsVisible = 0;
			defaultConfigurationName = Release;
		};
		5303DCF32729E6A800470B9B /* Build configuration list for PBXNativeTarget "SnacktacularTests" */ = {
			isa = XCConfigurationList;
			buildConfigurations = (
				5303DCF42729E6A800470B9B /* Debug */,
				5303DCF52729E6A800470B9B /* Release */,
			);
			defaultConfigurationIsVisible = 0;
			defaultConfigurationName = Release;
		};
		5303DCF62729E6A800470B9B /* Build configuration list for PBXNativeTarget "SnacktacularUITests" */ = {
			isa = XCConfigurationList;
			buildConfigurations = (
				5303DCF72729E6A800470B9B /* Debug */,
				5303DCF82729E6A800470B9B /* Release */,
			);
			defaultConfigurationIsVisible = 0;
			defaultConfigurationName = Release;
		};
/* End XCConfigurationList section */
	};
	rootObject = 5303DCBE2729E6A500470B9B /* Project object */;
}
